
Microsoft Visual Studio Solution File, Format Version 12.00
# Visual Studio Version 17
VisualStudioVersion = 17.2.32505.173
MinimumVisualStudioVersion = 10.0.40219.1
Project("{FAE04EC0-301F-11D3-BF4B-00C04F79EFBC}") = "Testirovanie_Samkova_K_PR1", "Testirovanie_Samkova_K_PR1.csproj", "{BDB4E9F4-A80A-4B90-A8D0-DCA3D3D69FC2}"
EndProject
Project("{FAE04EC0-301F-11D3-BF4B-00C04F79EFBC}") = "HelloWorldTests_SK", "..\HelloWorldTests_SK\HelloWorldTests_SK.csproj", "{64E8B6B9-A419-4368-B9C3-235604759894}"
EndProject
Project("{FAE04EC0-301F-11D3-BF4B-00C04F79EFBC}") = "SayGoodbye_SK", "..\SayGoodbye_SK\SayGoodbye_SK.csproj", "{1D9F5B44-645D-4DF3-B601-1E7BE611679E}"
EndProject
Project("{FAE04EC0-301F-11D3-BF4B-00C04F79EFBC}") = "SayGoodbye_SK_Test", "..\SayGoodbye_SK_Test\SayGoodbye_SK_Test.csproj", "{33220E90-4A5E-4891-9537-7635916553F0}"
EndProject
Global
	GlobalSection(SolutionConfigurationPlatforms) = preSolution
		Debug|Any CPU = Debug|Any CPU
		Release|Any CPU = Release|Any CPU
	EndGlobalSection
	GlobalSection(ProjectConfigurationPlatforms) = postSolution
		{BDB4E9F4-A80A-4B90-A8D0-DCA3D3D69FC2}.Debug|Any CPU.ActiveCfg = Debug|Any CPU
		{BDB4E9F4-A80A-4B90-A8D0-DCA3D3D69FC2}.Debug|Any CPU.Build.0 = Debug|Any CPU
		{BDB4E9F4-A80A-4B90-A8D0-DCA3D3D69FC2}.Release|Any CPU.ActiveCfg = Release|Any CPU
		{BDB4E9F4-A80A-4B90-A8D0-DCA3D3D69FC2}.Release|Any CPU.Build.0 = Release|Any CPU
		{64E8B6B9-A419-4368-B9C3-235604759894}.Debug|Any CPU.ActiveCfg = Debug|Any CPU
		{64E8B6B9-A419-4368-B9C3-235604759894}.Debug|Any CPU.Build.0 = Debug|Any CPU
		{64E8B6B9-A419-4368-B9C3-235604759894}.Release|Any CPU.ActiveCfg = Release|Any CPU
		{64E8B6B9-A419-4368-B9C3-235604759894}.Release|Any CPU.Build.0 = Release|Any CPU
		{1D9F5B44-645D-4DF3-B601-1E7BE611679E}.Debug|Any CPU.ActiveCfg = Debug|Any CPU
		{1D9F5B44-645D-4DF3-B601-1E7BE611679E}.Debug|Any CPU.Build.0 = Debug|Any CPU
		{1D9F5B44-645D-4DF3-B601-1E7BE611679E}.Release|Any CPU.ActiveCfg = Release|Any CPU
		{1D9F5B44-645D-4DF3-B601-1E7BE611679E}.Release|Any CPU.Build.0 = Release|Any CPU
		{33220E90-4A5E-4891-9537-7635916553F0}.Debug|Any CPU.ActiveCfg = Debug|Any CPU
		{33220E90-4A5E-4891-9537-7635916553F0}.Debug|Any CPU.Build.0 = Debug|Any CPU
		{33220E90-4A5E-4891-9537-7635916553F0}.Release|Any CPU.ActiveCfg = Release|Any CPU
		{33220E90-4A5E-4891-9537-7635916553F0}.Release|Any CPU.Build.0 = Release|Any CPU
	EndGlobalSection
	GlobalSection(SolutionProperties) = preSolution
		HideSolutionNode = FALSE
	EndGlobalSection
	GlobalSection(ExtensibilityGlobals) = postSolution
		SolutionGuid = {019A11B9-F96E-4E93-A40B-248A4F23DB0A}
	EndGlobalSection
EndGlobal
